// !$*UTF8*$!
{
	archiveVersion = 1;
	classes = {
	};
	objectVersion = 56;
	objects = {

/* Begin PBXBuildFile section */
		7C4415372AE0A52E001BBA42 /* config.json in Resources */ = {isa = PBXBuildFile; fileRef = 7C4415362AE0A52E001BBA42 /* config.json */; };
		7C5B9EBA2ABB2FF800874E6B /* HowtoView.swift in Sources */ = {isa = PBXBuildFile; fileRef = 7C5B9EB92ABB2FF800874E6B /* HowtoView.swift */; };
		7CC1BCF32AB7E10A00021745 /* KotuAppApp.swift in Sources */ = {isa = PBXBuildFile; fileRef = 7CC1BCF22AB7E10A00021745 /* KotuAppApp.swift */; };
		7CC1BCF52AB7E10A00021745 /* ContentView.swift in Sources */ = {isa = PBXBuildFile; fileRef = 7CC1BCF42AB7E10A00021745 /* ContentView.swift */; };
		7CC1BCF72AB7E10B00021745 /* Assets.xcassets in Resources */ = {isa = PBXBuildFile; fileRef = 7CC1BCF62AB7E10B00021745 /* Assets.xcassets */; };
		7CC1BCFA2AB7E10B00021745 /* Preview Assets.xcassets in Resources */ = {isa = PBXBuildFile; fileRef = 7CC1BCF92AB7E10B00021745 /* Preview Assets.xcassets */; };
		7CC1BD042AB7E10B00021745 /* KotuAppTests.swift in Sources */ = {isa = PBXBuildFile; fileRef = 7CC1BD032AB7E10B00021745 /* KotuAppTests.swift */; };
		7CC1BD0E2AB7E10B00021745 /* KotuAppUITests.swift in Sources */ = {isa = PBXBuildFile; fileRef = 7CC1BD0D2AB7E10B00021745 /* KotuAppUITests.swift */; };
		7CC1BD102AB7E10B00021745 /* KotuAppUITestsLaunchTests.swift in Sources */ = {isa = PBXBuildFile; fileRef = 7CC1BD0F2AB7E10B00021745 /* KotuAppUITestsLaunchTests.swift */; };
		7CC7BCE42ABC81EA000E822F /* PatternView.swift in Sources */ = {isa = PBXBuildFile; fileRef = 7CC7BCE32ABC81EA000E822F /* PatternView.swift */; };
		7CFC0D8C2ADF271A001CD660 /* MinimalPairFetcher.swift in Sources */ = {isa = PBXBuildFile; fileRef = 7CFC0D8B2ADF271A001CD660 /* MinimalPairFetcher.swift */; };
/* End PBXBuildFile section */

/* Begin PBXContainerItemProxy section */
		7CC1BD002AB7E10B00021745 /* PBXContainerItemProxy */ = {
			isa = PBXContainerItemProxy;
			containerPortal = 7CC1BCE72AB7E10A00021745 /* Project object */;
			proxyType = 1;
			remoteGlobalIDString = 7CC1BCEE2AB7E10A00021745;
			remoteInfo = KotuApp;
		};
		7CC1BD0A2AB7E10B00021745 /* PBXContainerItemProxy */ = {
			isa = PBXContainerItemProxy;
			containerPortal = 7CC1BCE72AB7E10A00021745 /* Project object */;
			proxyType = 1;
			remoteGlobalIDString = 7CC1BCEE2AB7E10A00021745;
			remoteInfo = KotuApp;
		};
/* End PBXContainerItemProxy section */

/* Begin PBXFileReference section */
		7C4415362AE0A52E001BBA42 /* config.json */ = {isa = PBXFileReference; lastKnownFileType = text.json; path = config.json; sourceTree = "<group>"; };
		7C5B9EB92ABB2FF800874E6B /* HowtoView.swift */ = {isa = PBXFileReference; lastKnownFileType = sourcecode.swift; path = HowtoView.swift; sourceTree = "<group>"; };
		7CC1BCEF2AB7E10A00021745 /* KotuApp.app */ = {isa = PBXFileReference; explicitFileType = wrapper.application; includeInIndex = 0; path = KotuApp.app; sourceTree = BUILT_PRODUCTS_DIR; };
		7CC1BCF22AB7E10A00021745 /* KotuAppApp.swift */ = {isa = PBXFileReference; lastKnownFileType = sourcecode.swift; path = KotuAppApp.swift; sourceTree = "<group>"; };
		7CC1BCF42AB7E10A00021745 /* ContentView.swift */ = {isa = PBXFileReference; lastKnownFileType = sourcecode.swift; path = ContentView.swift; sourceTree = "<group>"; };
		7CC1BCF62AB7E10B00021745 /* Assets.xcassets */ = {isa = PBXFileReference; lastKnownFileType = folder.assetcatalog; path = Assets.xcassets; sourceTree = "<group>"; };
		7CC1BCF92AB7E10B00021745 /* Preview Assets.xcassets */ = {isa = PBXFileReference; lastKnownFileType = folder.assetcatalog; path = "Preview Assets.xcassets"; sourceTree = "<group>"; };
		7CC1BCFF2AB7E10B00021745 /* KotuAppTests.xctest */ = {isa = PBXFileReference; explicitFileType = wrapper.cfbundle; includeInIndex = 0; path = KotuAppTests.xctest; sourceTree = BUILT_PRODUCTS_DIR; };
		7CC1BD032AB7E10B00021745 /* KotuAppTests.swift */ = {isa = PBXFileReference; lastKnownFileType = sourcecode.swift; path = KotuAppTests.swift; sourceTree = "<group>"; };
		7CC1BD092AB7E10B00021745 /* KotuAppUITests.xctest */ = {isa = PBXFileReference; explicitFileType = wrapper.cfbundle; includeInIndex = 0; path = KotuAppUITests.xctest; sourceTree = BUILT_PRODUCTS_DIR; };
		7CC1BD0D2AB7E10B00021745 /* KotuAppUITests.swift */ = {isa = PBXFileReference; lastKnownFileType = sourcecode.swift; path = KotuAppUITests.swift; sourceTree = "<group>"; };
		7CC1BD0F2AB7E10B00021745 /* KotuAppUITestsLaunchTests.swift */ = {isa = PBXFileReference; lastKnownFileType = sourcecode.swift; path = KotuAppUITestsLaunchTests.swift; sourceTree = "<group>"; };
		7CC7BCE32ABC81EA000E822F /* PatternView.swift */ = {isa = PBXFileReference; lastKnownFileType = sourcecode.swift; path = PatternView.swift; sourceTree = "<group>"; };
		7CFC0D8B2ADF271A001CD660 /* MinimalPairFetcher.swift */ = {isa = PBXFileReference; lastKnownFileType = sourcecode.swift; path = MinimalPairFetcher.swift; sourceTree = "<group>"; };
/* End PBXFileReference section */

/* Begin PBXFrameworksBuildPhase section */
		7CC1BCEC2AB7E10A00021745 /* Frameworks */ = {
			isa = PBXFrameworksBuildPhase;
			buildActionMask = 2147483647;
			files = (
			);
			runOnlyForDeploymentPostprocessing = 0;
		};
		7CC1BCFC2AB7E10B00021745 /* Frameworks */ = {
			isa = PBXFrameworksBuildPhase;
			buildActionMask = 2147483647;
			files = (
			);
			runOnlyForDeploymentPostprocessing = 0;
		};
		7CC1BD062AB7E10B00021745 /* Frameworks */ = {
			isa = PBXFrameworksBuildPhase;
			buildActionMask = 2147483647;
			files = (
			);
			runOnlyForDeploymentPostprocessing = 0;
		};
/* End PBXFrameworksBuildPhase section */

/* Begin PBXGroup section */
		7C4415352AE0A4C4001BBA42 /* Resources */ = {
			isa = PBXGroup;
			children = (
				7C4415362AE0A52E001BBA42 /* config.json */,
			);
			path = Resources;
			sourceTree = "<group>";
		};
		7CC1BCE62AB7E10A00021745 = {
			isa = PBXGroup;
			children = (
				7CC1BCF12AB7E10A00021745 /* KotuApp */,
				7CC1BD022AB7E10B00021745 /* KotuAppTests */,
				7CC1BD0C2AB7E10B00021745 /* KotuAppUITests */,
				7CC1BCF02AB7E10A00021745 /* Products */,
			);
			sourceTree = "<group>";
		};
		7CC1BCF02AB7E10A00021745 /* Products */ = {
			isa = PBXGroup;
			children = (
				7CC1BCEF2AB7E10A00021745 /* KotuApp.app */,
				7CC1BCFF2AB7E10B00021745 /* KotuAppTests.xctest */,
				7CC1BD092AB7E10B00021745 /* KotuAppUITests.xctest */,
			);
			name = Products;
			sourceTree = "<group>";
		};
		7CC1BCF12AB7E10A00021745 /* KotuApp */ = {
			isa = PBXGroup;
			children = (
				7C4415352AE0A4C4001BBA42 /* Resources */,
				7CC1BCF22AB7E10A00021745 /* KotuAppApp.swift */,
				7CFC0D8B2ADF271A001CD660 /* MinimalPairFetcher.swift */,
				7CC1BCF42AB7E10A00021745 /* ContentView.swift */,
				7C5B9EB92ABB2FF800874E6B /* HowtoView.swift */,
				7CC7BCE32ABC81EA000E822F /* PatternView.swift */,
				7CC1BCF62AB7E10B00021745 /* Assets.xcassets */,
				7CC1BCF82AB7E10B00021745 /* Preview Content */,
			);
			path = KotuApp;
			sourceTree = "<group>";
		};
		7CC1BCF82AB7E10B00021745 /* Preview Content */ = {
			isa = PBXGroup;
			children = (
				7CC1BCF92AB7E10B00021745 /* Preview Assets.xcassets */,
			);
			path = "Preview Content";
			sourceTree = "<group>";
		};
		7CC1BD022AB7E10B00021745 /* KotuAppTests */ = {
			isa = PBXGroup;
			children = (
				7CC1BD032AB7E10B00021745 /* KotuAppTests.swift */,
			);
			path = KotuAppTests;
			sourceTree = "<group>";
		};
		7CC1BD0C2AB7E10B00021745 /* KotuAppUITests */ = {
			isa = PBXGroup;
			children = (
				7CC1BD0D2AB7E10B00021745 /* KotuAppUITests.swift */,
				7CC1BD0F2AB7E10B00021745 /* KotuAppUITestsLaunchTests.swift */,
			);
			path = KotuAppUITests;
			sourceTree = "<group>";
		};
/* End PBXGroup section */

/* Begin PBXNativeTarget section */
		7CC1BCEE2AB7E10A00021745 /* KotuApp */ = {
			isa = PBXNativeTarget;
			buildConfigurationList = 7CC1BD132AB7E10B00021745 /* Build configuration list for PBXNativeTarget "KotuApp" */;
			buildPhases = (
				7CC1BCEB2AB7E10A00021745 /* Sources */,
				7CC1BCEC2AB7E10A00021745 /* Frameworks */,
				7CC1BCED2AB7E10A00021745 /* Resources */,
			);
			buildRules = (
			);
			dependencies = (
			);
			name = KotuApp;
			productName = KotuApp;
			productReference = 7CC1BCEF2AB7E10A00021745 /* KotuApp.app */;
			productType = "com.apple.product-type.application";
		};
		7CC1BCFE2AB7E10B00021745 /* KotuAppTests */ = {
			isa = PBXNativeTarget;
			buildConfigurationList = 7CC1BD162AB7E10B00021745 /* Build configuration list for PBXNativeTarget "KotuAppTests" */;
			buildPhases = (
				7CC1BCFB2AB7E10B00021745 /* Sources */,
				7CC1BCFC2AB7E10B00021745 /* Frameworks */,
				7CC1BCFD2AB7E10B00021745 /* Resources */,
			);
			buildRules = (
			);
			dependencies = (
				7CC1BD012AB7E10B00021745 /* PBXTargetDependency */,
			);
			name = KotuAppTests;
			productName = KotuAppTests;
			productReference = 7CC1BCFF2AB7E10B00021745 /* KotuAppTests.xctest */;
			productType = "com.apple.product-type.bundle.unit-test";
		};
		7CC1BD082AB7E10B00021745 /* KotuAppUITests */ = {
			isa = PBXNativeTarget;
			buildConfigurationList = 7CC1BD192AB7E10B00021745 /* Build configuration list for PBXNativeTarget "KotuAppUITests" */;
			buildPhases = (
				7CC1BD052AB7E10B00021745 /* Sources */,
				7CC1BD062AB7E10B00021745 /* Frameworks */,
				7CC1BD072AB7E10B00021745 /* Resources */,
			);
			buildRules = (
			);
			dependencies = (
				7CC1BD0B2AB7E10B00021745 /* PBXTargetDependency */,
			);
			name = KotuAppUITests;
			productName = KotuAppUITests;
			productReference = 7CC1BD092AB7E10B00021745 /* KotuAppUITests.xctest */;
			productType = "com.apple.product-type.bundle.ui-testing";
		};
/* End PBXNativeTarget section */

/* Begin PBXProject section */
		7CC1BCE72AB7E10A00021745 /* Project object */ = {
			isa = PBXProject;
			attributes = {
				BuildIndependentTargetsInParallel = 1;
				LastSwiftUpdateCheck = 1430;
				LastUpgradeCheck = 1430;
				TargetAttributes = {
					7CC1BCEE2AB7E10A00021745 = {
						CreatedOnToolsVersion = 14.3.1;
					};
					7CC1BCFE2AB7E10B00021745 = {
						CreatedOnToolsVersion = 14.3.1;
						TestTargetID = 7CC1BCEE2AB7E10A00021745;
					};
					7CC1BD082AB7E10B00021745 = {
						CreatedOnToolsVersion = 14.3.1;
						TestTargetID = 7CC1BCEE2AB7E10A00021745;
					};
				};
			};
			buildConfigurationList = 7CC1BCEA2AB7E10A00021745 /* Build configuration list for PBXProject "KotuApp" */;
			compatibilityVersion = "Xcode 14.0";
			developmentRegion = en;
			hasScannedForEncodings = 0;
			knownRegions = (
				en,
				Base,
			);
			mainGroup = 7CC1BCE62AB7E10A00021745;
			productRefGroup = 7CC1BCF02AB7E10A00021745 /* Products */;
			projectDirPath = "";
			projectRoot = "";
			targets = (
				7CC1BCEE2AB7E10A00021745 /* KotuApp */,
				7CC1BCFE2AB7E10B00021745 /* KotuAppTests */,
				7CC1BD082AB7E10B00021745 /* KotuAppUITests */,
			);
		};
/* End PBXProject section */

/* Begin PBXResourcesBuildPhase section */
		7CC1BCED2AB7E10A00021745 /* Resources */ = {
			isa = PBXResourcesBuildPhase;
			buildActionMask = 2147483647;
			files = (
				7CC1BCFA2AB7E10B00021745 /* Preview Assets.xcassets in Resources */,
				7CC1BCF72AB7E10B00021745 /* Assets.xcassets in Resources */,
				7C4415372AE0A52E001BBA42 /* config.json in Resources */,
			);
			runOnlyForDeploymentPostprocessing = 0;
		};
		7CC1BCFD2AB7E10B00021745 /* Resources */ = {
			isa = PBXResourcesBuildPhase;
			buildActionMask = 2147483647;
			files = (
			);
			runOnlyForDeploymentPostprocessing = 0;
		};
		7CC1BD072AB7E10B00021745 /* Resources */ = {
			isa = PBXResourcesBuildPhase;
			buildActionMask = 2147483647;
			files = (
			);
			runOnlyForDeploymentPostprocessing = 0;
		};
/* End PBXResourcesBuildPhase section */

/* Begin PBXSourcesBuildPhase section */
		7CC1BCEB2AB7E10A00021745 /* Sources */ = {
			isa = PBXSourcesBuildPhase;
			buildActionMask = 2147483647;
			files = (
				7CC1BCF52AB7E10A00021745 /* ContentView.swift in Sources */,
				7CC7BCE42ABC81EA000E822F /* PatternView.swift in Sources */,
				7C5B9EBA2ABB2FF800874E6B /* HowtoView.swift in Sources */,
				7CFC0D8C2ADF271A001CD660 /* MinimalPairFetcher.swift in Sources */,
				7CC1BCF32AB7E10A00021745 /* KotuAppApp.swift in Sources */,
			);
			runOnlyForDeploymentPostprocessing = 0;
		};
		7CC1BCFB2AB7E10B00021745 /* Sources */ = {
			isa = PBXSourcesBuildPhase;
			buildActionMask = 2147483647;
			files = (
				7CC1BD042AB7E10B00021745 /* KotuAppTests.swift in Sources */,
			);
			runOnlyForDeploymentPostprocessing = 0;
		};
		7CC1BD052AB7E10B00021745 /* Sources */ = {
			isa = PBXSourcesBuildPhase;
			buildActionMask = 2147483647;
			files = (
				7CC1BD0E2AB7E10B00021745 /* KotuAppUITests.swift in Sources */,
				7CC1BD102AB7E10B00021745 /* KotuAppUITestsLaunchTests.swift in Sources */,
			);
			runOnlyForDeploymentPostprocessing = 0;
		};
/* End PBXSourcesBuildPhase section */

/* Begin PBXTargetDependency section */
		7CC1BD012AB7E10B00021745 /* PBXTargetDependency */ = {
			isa = PBXTargetDependency;
			target = 7CC1BCEE2AB7E10A00021745 /* KotuApp */;
			targetProxy = 7CC1BD002AB7E10B00021745 /* PBXContainerItemProxy */;
		};
		7CC1BD0B2AB7E10B00021745 /* PBXTargetDependency */ = {
			isa = PBXTargetDependency;
			target = 7CC1BCEE2AB7E10A00021745 /* KotuApp */;
			targetProxy = 7CC1BD0A2AB7E10B00021745 /* PBXContainerItemProxy */;
		};
/* End PBXTargetDependency section */

/* Begin XCBuildConfiguration section */
		7CC1BD112AB7E10B00021745 /* Debug */ = {
			isa = XCBuildConfiguration;
			buildSettings = {
				ALWAYS_SEARCH_USER_PATHS = NO;
				CLANG_ANALYZER_NONNULL = YES;
				CLANG_ANALYZER_NUMBER_OBJECT_CONVERSION = YES_AGGRESSIVE;
				CLANG_CXX_LANGUAGE_STANDARD = "gnu++20";
				CLANG_ENABLE_MODULES = YES;
				CLANG_ENABLE_OBJC_ARC = YES;
				CLANG_ENABLE_OBJC_WEAK = YES;
				CLANG_WARN_BLOCK_CAPTURE_AUTORELEASING = YES;
				CLANG_WARN_BOOL_CONVERSION = YES;
				CLANG_WARN_COMMA = YES;
				CLANG_WARN_CONSTANT_CONVERSION = YES;
				CLANG_WARN_DEPRECATED_OBJC_IMPLEMENTATIONS = YES;
				CLANG_WARN_DIRECT_OBJC_ISA_USAGE = YES_ERROR;
				CLANG_WARN_DOCUMENTATION_COMMENTS = YES;
				CLANG_WARN_EMPTY_BODY = YES;
				CLANG_WARN_ENUM_CONVERSION = YES;
				CLANG_WARN_INFINITE_RECURSION = YES;
				CLANG_WARN_INT_CONVERSION = YES;
				CLANG_WARN_NON_LITERAL_NULL_CONVERSION = YES;
				CLANG_WARN_OBJC_IMPLICIT_RETAIN_SELF = YES;
				CLANG_WARN_OBJC_LITERAL_CONVERSION = YES;
				CLANG_WARN_OBJC_ROOT_CLASS = YES_ERROR;
				CLANG_WARN_QUOTED_INCLUDE_IN_FRAMEWORK_HEADER = YES;
				CLANG_WARN_RANGE_LOOP_ANALYSIS = YES;
				CLANG_WARN_STRICT_PROTOTYPES = YES;
				CLANG_WARN_SUSPICIOUS_MOVE = YES;
				CLANG_WARN_UNGUARDED_AVAILABILITY = YES_AGGRESSIVE;
				CLANG_WARN_UNREACHABLE_CODE = YES;
				CLANG_WARN__DUPLICATE_METHOD_MATCH = YES;
				COPY_PHASE_STRIP = NO;
				DEBUG_INFORMATION_FORMAT = dwarf;
				ENABLE_STRICT_OBJC_MSGSEND = YES;
				ENABLE_TESTABILITY = YES;
				GCC_C_LANGUAGE_STANDARD = gnu11;
				GCC_DYNAMIC_NO_PIC = NO;
				GCC_NO_COMMON_BLOCKS = YES;
				GCC_OPTIMIZATION_LEVEL = 0;
				GCC_PREPROCESSOR_DEFINITIONS = (
					"DEBUG=1",
					"$(inherited)",
				);
				GCC_WARN_64_TO_32_BIT_CONVERSION = YES;
				GCC_WARN_ABOUT_RETURN_TYPE = YES_ERROR;
				GCC_WARN_UNDECLARED_SELECTOR = YES;
				GCC_WARN_UNINITIALIZED_AUTOS = YES_AGGRESSIVE;
				GCC_WARN_UNUSED_FUNCTION = YES;
				GCC_WARN_UNUSED_VARIABLE = YES;
				IPHONEOS_DEPLOYMENT_TARGET = 17.0;
				MTL_ENABLE_DEBUG_INFO = INCLUDE_SOURCE;
				MTL_FAST_MATH = YES;
				ONLY_ACTIVE_ARCH = YES;
				SDKROOT = iphoneos;
				SWIFT_ACTIVE_COMPILATION_CONDITIONS = DEBUG;
				SWIFT_OPTIMIZATION_LEVEL = "-Onone";
			};
			name = Debug;
		};
		7CC1BD122AB7E10B00021745 /* Release */ = {
			isa = XCBuildConfiguration;
			buildSettings = {
				ALWAYS_SEARCH_USER_PATHS = NO;
				CLANG_ANALYZER_NONNULL = YES;
				CLANG_ANALYZER_NUMBER_OBJECT_CONVERSION = YES_AGGRESSIVE;
				CLANG_CXX_LANGUAGE_STANDARD = "gnu++20";
				CLANG_ENABLE_MODULES = YES;
				CLANG_ENABLE_OBJC_ARC = YES;
				CLANG_ENABLE_OBJC_WEAK = YES;
				CLANG_WARN_BLOCK_CAPTURE_AUTORELEASING = YES;
				CLANG_WARN_BOOL_CONVERSION = YES;
				CLANG_WARN_COMMA = YES;
				CLANG_WARN_CONSTANT_CONVERSION = YES;
				CLANG_WARN_DEPRECATED_OBJC_IMPLEMENTATIONS = YES;
				CLANG_WARN_DIRECT_OBJC_ISA_USAGE = YES_ERROR;
				CLANG_WARN_DOCUMENTATION_COMMENTS = YES;
				CLANG_WARN_EMPTY_BODY = YES;
				CLANG_WARN_ENUM_CONVERSION = YES;
				CLANG_WARN_INFINITE_RECURSION = YES;
				CLANG_WARN_INT_CONVERSION = YES;
				CLANG_WARN_NON_LITERAL_NULL_CONVERSION = YES;
				CLANG_WARN_OBJC_IMPLICIT_RETAIN_SELF = YES;
				CLANG_WARN_OBJC_LITERAL_CONVERSION = YES;
				CLANG_WARN_OBJC_ROOT_CLASS = YES_ERROR;
				CLANG_WARN_QUOTED_INCLUDE_IN_FRAMEWORK_HEADER = YES;
				CLANG_WARN_RANGE_LOOP_ANALYSIS = YES;
				CLANG_WARN_STRICT_PROTOTYPES = YES;
				CLANG_WARN_SUSPICIOUS_MOVE = YES;
				CLANG_WARN_UNGUARDED_AVAILABILITY = YES_AGGRESSIVE;
				CLANG_WARN_UNREACHABLE_CODE = YES;
				CLANG_WARN__DUPLICATE_METHOD_MATCH = YES;
				COPY_PHASE_STRIP = NO;
				DEBUG_INFORMATION_FORMAT = "dwarf-with-dsym";
				ENABLE_NS_ASSERTIONS = NO;
				ENABLE_STRICT_OBJC_MSGSEND = YES;
				GCC_C_LANGUAGE_STANDARD = gnu11;
				GCC_NO_COMMON_BLOCKS = YES;
				GCC_WARN_64_TO_32_BIT_CONVERSION = YES;
				GCC_WARN_ABOUT_RETURN_TYPE = YES_ERROR;
				GCC_WARN_UNDECLARED_SELECTOR = YES;
				GCC_WARN_UNINITIALIZED_AUTOS = YES_AGGRESSIVE;
				GCC_WARN_UNUSED_FUNCTION = YES;
				GCC_WARN_UNUSED_VARIABLE = YES;
				IPHONEOS_DEPLOYMENT_TARGET = 17.0;
				MTL_ENABLE_DEBUG_INFO = NO;
				MTL_FAST_MATH = YES;
				SDKROOT = iphoneos;
				SWIFT_COMPILATION_MODE = wholemodule;
				SWIFT_OPTIMIZATION_LEVEL = "-O";
				VALIDATE_PRODUCT = YES;
			};
			name = Release;
		};
		7CC1BD142AB7E10B00021745 /* Debug */ = {
			isa = XCBuildConfiguration;
			buildSettings = {
				ASSETCATALOG_COMPILER_APPICON_NAME = AppIcon;
				ASSETCATALOG_COMPILER_GLOBAL_ACCENT_COLOR_NAME = AccentColor;
				CODE_SIGN_STYLE = Automatic;
				CURRENT_PROJECT_VERSION = 1;
				DEVELOPMENT_ASSET_PATHS = "\"KotuApp/Preview Content\"";
				DEVELOPMENT_TEAM = B83J2A83H6;
				ENABLE_PREVIEWS = YES;
				GENERATE_INFOPLIST_FILE = YES;
				INFOPLIST_KEY_UIApplicationSceneManifest_Generation = YES;
				INFOPLIST_KEY_UIApplicationSupportsIndirectInputEvents = YES;
				INFOPLIST_KEY_UILaunchScreen_Generation = YES;
				INFOPLIST_KEY_UISupportedInterfaceOrientations_iPad = "UIInterfaceOrientationPortrait UIInterfaceOrientationPortraitUpsideDown UIInterfaceOrientationLandscapeLeft UIInterfaceOrientationLandscapeRight";
				INFOPLIST_KEY_UISupportedInterfaceOrientations_iPhone = "UIInterfaceOrientationPortrait UIInterfaceOrientationLandscapeLeft UIInterfaceOrientationLandscapeRight";
				IPHONEOS_DEPLOYMENT_TARGET = 17.0;
				LD_RUNPATH_SEARCH_PATHS = (
					"$(inherited)",
					"@executable_path/Frameworks",
				);
				MARKETING_VERSION = 1.0;
				PRODUCT_BUNDLE_IDENTIFIER = com.teezy.KotuApp;
				PRODUCT_NAME = "$(TARGET_NAME)";
				SWIFT_EMIT_LOC_STRINGS = YES;
				SWIFT_VERSION = 5.0;
				TARGETED_DEVICE_FAMILY = "1,2";
			};
			name = Debug;
		};
		7CC1BD152AB7E10B00021745 /* Release */ = {
			isa = XCBuildConfiguration;
			buildSettings = {
				ASSETCATALOG_COMPILER_APPICON_NAME = AppIcon;
				ASSETCATALOG_COMPILER_GLOBAL_ACCENT_COLOR_NAME = AccentColor;
				CODE_SIGN_STYLE = Automatic;
				CURRENT_PROJECT_VERSION = 1;
				DEVELOPMENT_ASSET_PATHS = "\"KotuApp/Preview Content\"";
				DEVELOPMENT_TEAM = B83J2A83H6;
				ENABLE_PREVIEWS = YES;
				GENERATE_INFOPLIST_FILE = YES;
				INFOPLIST_KEY_UIApplicationSceneManifest_Generation = YES;
				INFOPLIST_KEY_UIApplicationSupportsIndirectInputEvents = YES;
				INFOPLIST_KEY_UILaunchScreen_Generation = YES;
				INFOPLIST_KEY_UISupportedInterfaceOrientations_iPad = "UIInterfaceOrientationPortrait UIInterfaceOrientationPortraitUpsideDown UIInterfaceOrientationLandscapeLeft UIInterfaceOrientationLandscapeRight";
				INFOPLIST_KEY_UISupportedInterfaceOrientations_iPhone = "UIInterfaceOrientationPortrait UIInterfaceOrientationLandscapeLeft UIInterfaceOrientationLandscapeRight";
				IPHONEOS_DEPLOYMENT_TARGET = 17.0;
				LD_RUNPATH_SEARCH_PATHS = (
					"$(inherited)",
					"@executable_path/Frameworks",
				);
				MARKETING_VERSION = 1.0;
				PRODUCT_BUNDLE_IDENTIFIER = com.teezy.KotuApp;
				PRODUCT_NAME = "$(TARGET_NAME)";
				SWIFT_EMIT_LOC_STRINGS = YES;
				SWIFT_VERSION = 5.0;
				TARGETED_DEVICE_FAMILY = "1,2";
			};
			name = Release;
		};
		7CC1BD172AB7E10B00021745 /* Debug */ = {
			isa = XCBuildConfiguration;
			buildSettings = {
				ALWAYS_EMBED_SWIFT_STANDARD_LIBRARIES = YES;
				BUNDLE_LOADER = "$(TEST_HOST)";
				CODE_SIGN_STYLE = Automatic;
				CURRENT_PROJECT_VERSION = 1;
				GENERATE_INFOPLIST_FILE = YES;
				IPHONEOS_DEPLOYMENT_TARGET = 16.4;
				MARKETING_VERSION = 1.0;
				PRODUCT_BUNDLE_IDENTIFIER = com.teezy.KotuAppTests;
				PRODUCT_NAME = "$(TARGET_NAME)";
				SWIFT_EMIT_LOC_STRINGS = NO;
				SWIFT_VERSION = 5.0;
				TARGETED_DEVICE_FAMILY = "1,2";
				TEST_HOST = "$(BUILT_PRODUCTS_DIR)/KotuApp.app/$(BUNDLE_EXECUTABLE_FOLDER_PATH)/KotuApp";
			};
			name = Debug;
		};
		7CC1BD182AB7E10B00021745 /* Release */ = {
			isa = XCBuildConfiguration;
			buildSettings = {
				ALWAYS_EMBED_SWIFT_STANDARD_LIBRARIES = YES;
				BUNDLE_LOADER = "$(TEST_HOST)";
				CODE_SIGN_STYLE = Automatic;
				CURRENT_PROJECT_VERSION = 1;
				GENERATE_INFOPLIST_FILE = YES;
				IPHONEOS_DEPLOYMENT_TARGET = 16.4;
				MARKETING_VERSION = 1.0;
				PRODUCT_BUNDLE_IDENTIFIER = com.teezy.KotuAppTests;
				PRODUCT_NAME = "$(TARGET_NAME)";
				SWIFT_EMIT_LOC_STRINGS = NO;
				SWIFT_VERSION = 5.0;
				TARGETED_DEVICE_FAMILY = "1,2";
				TEST_HOST = "$(BUILT_PRODUCTS_DIR)/KotuApp.app/$(BUNDLE_EXECUTABLE_FOLDER_PATH)/KotuApp";
			};
			name = Release;
		};
		7CC1BD1A2AB7E10B00021745 /* Debug */ = {
			isa = XCBuildConfiguration;
			buildSettings = {
				ALWAYS_EMBED_SWIFT_STANDARD_LIBRARIES = YES;
				CODE_SIGN_STYLE = Automatic;
				CURRENT_PROJECT_VERSION = 1;
				GENERATE_INFOPLIST_FILE = YES;
				MARKETING_VERSION = 1.0;
				PRODUCT_BUNDLE_IDENTIFIER = com.teezy.KotuAppUITests;
				PRODUCT_NAME = "$(TARGET_NAME)";
				SWIFT_EMIT_LOC_STRINGS = NO;
				SWIFT_VERSION = 5.0;
				TARGETED_DEVICE_FAMILY = "1,2";
				TEST_TARGET_NAME = KotuApp;
			};
			name = Debug;
		};
		7CC1BD1B2AB7E10B00021745 /* Release */ = {
			isa = XCBuildConfiguration;
			buildSettings = {
				ALWAYS_EMBED_SWIFT_STANDARD_LIBRARIES = YES;
				CODE_SIGN_STYLE = Automatic;
				CURRENT_PROJECT_VERSION = 1;
				GENERATE_INFOPLIST_FILE = YES;
				MARKETING_VERSION = 1.0;
				PRODUCT_BUNDLE_IDENTIFIER = com.teezy.KotuAppUITests;
				PRODUCT_NAME = "$(TARGET_NAME)";
				SWIFT_EMIT_LOC_STRINGS = NO;
				SWIFT_VERSION = 5.0;
				TARGETED_DEVICE_FAMILY = "1,2";
				TEST_TARGET_NAME = KotuApp;
			};
			name = Release;
		};
/* End XCBuildConfiguration section */

/* Begin XCConfigurationList section */
		7CC1BCEA2AB7E10A00021745 /* Build configuration list for PBXProject "KotuApp" */ = {
			isa = XCConfigurationList;
			buildConfigurations = (
				7CC1BD112AB7E10B00021745 /* Debug */,
				7CC1BD122AB7E10B00021745 /* Release */,
			);
			defaultConfigurationIsVisible = 0;
			defaultConfigurationName = Release;
		};
		7CC1BD132AB7E10B00021745 /* Build configuration list for PBXNativeTarget "KotuApp" */ = {
			isa = XCConfigurationList;
			buildConfigurations = (
				7CC1BD142AB7E10B00021745 /* Debug */,
				7CC1BD152AB7E10B00021745 /* Release */,
			);
			defaultConfigurationIsVisible = 0;
			defaultConfigurationName = Release;
		};
		7CC1BD162AB7E10B00021745 /* Build configuration list for PBXNativeTarget "KotuAppTests" */ = {
			isa = XCConfigurationList;
			buildConfigurations = (
				7CC1BD172AB7E10B00021745 /* Debug */,
				7CC1BD182AB7E10B00021745 /* Release */,
			);
			defaultConfigurationIsVisible = 0;
			defaultConfigurationName = Release;
		};
		7CC1BD192AB7E10B00021745 /* Build configuration list for PBXNativeTarget "KotuAppUITests" */ = {
			isa = XCConfigurationList;
			buildConfigurations = (
				7CC1BD1A2AB7E10B00021745 /* Debug */,
				7CC1BD1B2AB7E10B00021745 /* Release */,
			);
			defaultConfigurationIsVisible = 0;
			defaultConfigurationName = Release;
		};
/* End XCConfigurationList section */
	};
	rootObject = 7CC1BCE72AB7E10A00021745 /* Project object */;
}
